
Microsoft Visual Studio Solution File, Format Version 12.00
# Visual Studio Version 17
VisualStudioVersion = 17.5.002.0
MinimumVisualStudioVersion = 10.0.40219.1
Project("{9A19103F-16F7-4668-BE54-9A1E7A4F7556}") = "PaylasimKuresi", "PaylasimKuresi.csproj", "{31B2FC04-E6E3-4E5D-B748-CBFB121592E5}"
EndProject
Global
	GlobalSection(SolutionConfigurationPlatforms) = preSolution
		Debug|Any CPU = Debug|Any CPU
		Release|Any CPU = Release|Any CPU
	EndGlobalSection
	GlobalSection(ProjectConfigurationPlatforms) = postSolution
		{31B2FC04-E6E3-4E5D-B748-CBFB121592E5}.Debug|Any CPU.ActiveCfg = Debug|Any CPU
		{31B2FC04-E6E3-4E5D-B748-CBFB121592E5}.Debug|Any CPU.Build.0 = Debug|Any CPU
		{31B2FC04-E6E3-4E5D-B748-CBFB121592E5}.Release|Any CPU.ActiveCfg = Release|Any CPU
		{31B2FC04-E6E3-4E5D-B748-CBFB121592E5}.Release|Any CPU.Build.0 = Release|Any CPU
	EndGlobalSection
	GlobalSection(SolutionProperties) = preSolution
		HideSolutionNode = FALSE
	EndGlobalSection
	GlobalSection(ExtensibilityGlobals) = postSolution
		SolutionGuid = {9E93E033-4171-4C76-ABC7-68C9C604B40F}
	EndGlobalSection
EndGlobal
